
Microsoft Visual Studio Solution File, Format Version 12.00
# Visual Studio Version 17
VisualStudioVersion = 17.5.002.0
MinimumVisualStudioVersion = 10.0.40219.1
Project("{9A19103F-16F7-4668-BE54-9A1E7A4F7556}") = "KiKisRamen", "KiKisRamen.csproj", "{476044CE-140E-4C4F-B940-5577A780433C}"
EndProject
Global
	GlobalSection(SolutionConfigurationPlatforms) = preSolution
		Debug|Any CPU = Debug|Any CPU
		Release|Any CPU = Release|Any CPU
	EndGlobalSection
	GlobalSection(ProjectConfigurationPlatforms) = postSolution
		{476044CE-140E-4C4F-B940-5577A780433C}.Debug|Any CPU.ActiveCfg = Debug|Any CPU
		{476044CE-140E-4C4F-B940-5577A780433C}.Debug|Any CPU.Build.0 = Debug|Any CPU
		{476044CE-140E-4C4F-B940-5577A780433C}.Release|Any CPU.ActiveCfg = Release|Any CPU
		{476044CE-140E-4C4F-B940-5577A780433C}.Release|Any CPU.Build.0 = Release|Any CPU
	EndGlobalSection
	GlobalSection(SolutionProperties) = preSolution
		HideSolutionNode = FALSE
	EndGlobalSection
	GlobalSection(ExtensibilityGlobals) = postSolution
		SolutionGuid = {670165E2-5C35-4BCA-828E-56472A38B8D6}
	EndGlobalSection
EndGlobal
